Microsoft Visual Studio Solution File, Format Version 12.00
# Visual Studio Version 17
VisualStudioVersion = 17.14.36511.14
MinimumVisualStudioVersion = 10.0.40219.1
Project("{FAE04EC0-301F-11D3-BF4B-00C04F79EFBC}") = "SProtectAgentWeb.Api", "SProtectAgentWeb.Api\SProtectAgentWeb.Api.csproj", "{847B7D49-9A10-9F74-A714-957D61892E5F}"
EndProject
Project("{FAE04EC0-301F-11D3-BF4B-00C04F79EFBC}") = "SProtectPlatform.Api", "SProtectPlatform.Api\SProtectPlatform.Api.csproj", "{9D1F2F94-E17E-46ED-8358-896E60B3A870}"
EndProject
Global
	GlobalSection(SolutionConfigurationPlatforms) = preSolution
		Debug|Any CPU = Debug|Any CPU
		Debug|x64 = Debug|x64
		Debug|x86 = Debug|x86
		Release|Any CPU = Release|Any CPU
		Release|x64 = Release|x64
		Release|x86 = Release|x86
	EndGlobalSection
	GlobalSection(ProjectConfigurationPlatforms) = postSolution
		{847B7D49-9A10-9F74-A714-957D61892E5F}.Debug|Any CPU.ActiveCfg = Debug|Any CPU
		{847B7D49-9A10-9F74-A714-957D61892E5F}.Debug|Any CPU.Build.0 = Debug|Any CPU
		{847B7D49-9A10-9F74-A714-957D61892E5F}.Debug|x64.ActiveCfg = Debug|Any CPU
		{847B7D49-9A10-9F74-A714-957D61892E5F}.Debug|x64.Build.0 = Debug|Any CPU
		{847B7D49-9A10-9F74-A714-957D61892E5F}.Debug|x86.ActiveCfg = Debug|Any CPU
		{847B7D49-9A10-9F74-A714-957D61892E5F}.Debug|x86.Build.0 = Debug|Any CPU
		{847B7D49-9A10-9F74-A714-957D61892E5F}.Release|Any CPU.ActiveCfg = Release|Any CPU
		{847B7D49-9A10-9F74-A714-957D61892E5F}.Release|Any CPU.Build.0 = Release|Any CPU
		{847B7D49-9A10-9F74-A714-957D61892E5F}.Release|x64.ActiveCfg = Release|Any CPU
		{847B7D49-9A10-9F74-A714-957D61892E5F}.Release|x64.Build.0 = Release|Any CPU
		{847B7D49-9A10-9F74-A714-957D61892E5F}.Release|x86.ActiveCfg = Release|Any CPU
		{847B7D49-9A10-9F74-A714-957D61892E5F}.Release|x86.Build.0 = Release|Any CPU
		{9D1F2F94-E17E-46ED-8358-896E60B3A870}.Debug|Any CPU.ActiveCfg = Debug|Any CPU
		{9D1F2F94-E17E-46ED-8358-896E60B3A870}.Debug|Any CPU.Build.0 = Debug|Any CPU
		{9D1F2F94-E17E-46ED-8358-896E60B3A870}.Debug|x64.ActiveCfg = Debug|Any CPU
		{9D1F2F94-E17E-46ED-8358-896E60B3A870}.Debug|x64.Build.0 = Debug|Any CPU
		{9D1F2F94-E17E-46ED-8358-896E60B3A870}.Debug|x86.ActiveCfg = Debug|Any CPU
		{9D1F2F94-E17E-46ED-8358-896E60B3A870}.Debug|x86.Build.0 = Debug|Any CPU
		{9D1F2F94-E17E-46ED-8358-896E60B3A870}.Release|Any CPU.ActiveCfg = Release|Any CPU
		{9D1F2F94-E17E-46ED-8358-896E60B3A870}.Release|Any CPU.Build.0 = Release|Any CPU
		{9D1F2F94-E17E-46ED-8358-896E60B3A870}.Release|x64.ActiveCfg = Release|Any CPU
		{9D1F2F94-E17E-46ED-8358-896E60B3A870}.Release|x64.Build.0 = Release|Any CPU
		{9D1F2F94-E17E-46ED-8358-896E60B3A870}.Release|x86.ActiveCfg = Release|Any CPU
		{9D1F2F94-E17E-46ED-8358-896E60B3A870}.Release|x86.Build.0 = Release|Any CPU
	EndGlobalSection
	GlobalSection(SolutionProperties) = preSolution
		HideSolutionNode = FALSE
	EndGlobalSection
	GlobalSection(ExtensibilityGlobals) = postSolution
		                SolutionGuid = {0445A56A-EFE9-4FCB-A1F6-D761B267F505}
		SolutionGuid = {1CF343EB-B762-4D0F-95D0-7BDB026BE234}
	EndGlobalSection
EndGlobal
