
Microsoft Visual Studio Solution File, Format Version 12.00
# Visual Studio Version 16
VisualStudioVersion = 16.0.30114.105
MinimumVisualStudioVersion = 10.0.40219.1
Project("{8BC9CEB8-8B4A-11D0-8D11-00A0C91BC942}") = "SPCloud_2019", "SPCloud_2019\SPCloud_2019.vcxproj", "{AB203A53-7D52-4C5B-B003-F30C117D9B3F}"
EndProject
Global
	GlobalSection(SolutionConfigurationPlatforms) = preSolution
		Debug|x86 = Debug|x86
		Release|x86 = Release|x86
	EndGlobalSection
	GlobalSection(ProjectConfigurationPlatforms) = postSolution
		{AB203A53-7D52-4C5B-B003-F30C117D9B3F}.Debug|x86.ActiveCfg = Debug|Win32
		{AB203A53-7D52-4C5B-B003-F30C117D9B3F}.Debug|x86.Build.0 = Debug|Win32
		{AB203A53-7D52-4C5B-B003-F30C117D9B3F}.Release|x86.ActiveCfg = Release|Win32
		{AB203A53-7D52-4C5B-B003-F30C117D9B3F}.Release|x86.Build.0 = Release|Win32
	EndGlobalSection
	GlobalSection(SolutionProperties) = preSolution
		HideSolutionNode = FALSE
	EndGlobalSection
	GlobalSection(ExtensibilityGlobals) = postSolution
		SolutionGuid = {A23F83A3-B0D0-4F9E-9F51-71334DB13853}
	EndGlobalSection
EndGlobal
